{
	"name": "vue-tester",
	"version": "1.0.0",
	"lockfileVersion": 1,
	"requires": true,
	"dependencies": {
		"vuex-router-sync": {
			"version": "2.1.1",
			"resolved": "https://registry.npmjs.org/vuex-router-sync/-/vuex-router-sync-2.1.1.tgz",
			"integrity": "sha1-YE2hNG3AZoFA7lUtVM6rBncRFC4="
		}
	}
}
